// !$*UTF8*$!
{
	archiveVersion = 1;
	classes = {
	};
	objectVersion = 46;
	objects = {

/* Begin PBXBuildFile section */
		F9A4E93D1B81DA30009E1633 /* main.m in Sources */ = {isa = PBXBuildFile; fileRef = F9A4E93C1B81DA30009E1633 /* main.m */; };
		F9A4E9401B81DA30009E1633 /* AppDelegate.m in Sources */ = {isa = PBXBuildFile; fileRef = F9A4E93F1B81DA30009E1633 /* AppDelegate.m */; };
		F9A4E9431B81DA30009E1633 /* GridCollectionView.xcdatamodeld in Sources */ = {isa = PBXBuildFile; fileRef = F9A4E9411B81DA30009E1633 /* GridCollectionView.xcdatamodeld */; };
		F9A4E9461B81DA30009E1633 /* ViewController.m in Sources */ = {isa = PBXBuildFile; fileRef = F9A4E9451B81DA30009E1633 /* ViewController.m */; };
		F9A4E9491B81DA30009E1633 /* Main.storyboard in Resources */ = {isa = PBXBuildFile; fileRef = F9A4E9471B81DA30009E1633 /* Main.storyboard */; };
		F9A4E94B1B81DA30009E1633 /* Images.xcassets in Resources */ = {isa = PBXBuildFile; fileRef = F9A4E94A1B81DA30009E1633 /* Images.xcassets */; };
		F9A4E94E1B81DA30009E1633 /* LaunchScreen.xib in Resources */ = {isa = PBXBuildFile; fileRef = F9A4E94C1B81DA30009E1633 /* LaunchScreen.xib */; };
		F9A4E95A1B81DA31009E1633 /* GridCollectionViewTests.m in Sources */ = {isa = PBXBuildFile; fileRef = F9A4E9591B81DA31009E1633 /* GridCollectionViewTests.m */; };
/* End PBXBuildFile section */

/* Begin PBXContainerItemProxy section */
		F9A4E9541B81DA31009E1633 /* PBXContainerItemProxy */ = {
			isa = PBXContainerItemProxy;
			containerPortal = F9A4E92F1B81DA30009E1633 /* Project object */;
			proxyType = 1;
			remoteGlobalIDString = F9A4E9361B81DA30009E1633;
			remoteInfo = GridCollectionView;
		};
/* End PBXContainerItemProxy section */

/* Begin PBXFileReference section */
		F9A4E9371B81DA30009E1633 /* GridCollectionView.app */ = {isa = PBXFileReference; explicitFileType = wrapper.application; includeInIndex = 0; path = GridCollectionView.app; sourceTree = BUILT_PRODUCTS_DIR; };
		F9A4E93B1B81DA30009E1633 /* Info.plist */ = {isa = PBXFileReference; lastKnownFileType = text.plist.xml; path = Info.plist; sourceTree = "<group>"; };
		F9A4E93C1B81DA30009E1633 /* main.m */ = {isa = PBXFileReference; lastKnownFileType = sourcecode.c.objc; path = main.m; sourceTree = "<group>"; };
		F9A4E93E1B81DA30009E1633 /* AppDelegate.h */ = {isa = PBXFileReference; lastKnownFileType = sourcecode.c.h; path = AppDelegate.h; sourceTree = "<group>"; };
		F9A4E93F1B81DA30009E1633 /* AppDelegate.m */ = {isa = PBXFileReference; lastKnownFileType = sourcecode.c.objc; path = AppDelegate.m; sourceTree = "<group>"; };
		F9A4E9421B81DA30009E1633 /* GridCollectionView.xcdatamodel */ = {isa = PBXFileReference; lastKnownFileType = wrapper.xcdatamodel; path = GridCollectionView.xcdatamodel; sourceTree = "<group>"; };
		F9A4E9441B81DA30009E1633 /* ViewController.h */ = {isa = PBXFileReference; lastKnownFileType = sourcecode.c.h; path = ViewController.h; sourceTree = "<group>"; };
		F9A4E9451B81DA30009E1633 /* ViewController.m */ = {isa = PBXFileReference; lastKnownFileType = sourcecode.c.objc; path = ViewController.m; sourceTree = "<group>"; };
		F9A4E9481B81DA30009E1633 /* Base */ = {isa = PBXFileReference; lastKnownFileType = file.storyboard; name = Base; path = Base.lproj/Main.storyboard; sourceTree = "<group>"; };
		F9A4E94A1B81DA30009E1633 /* Images.xcassets */ = {isa = PBXFileReference; lastKnownFileType = folder.assetcatalog; path = Images.xcassets; sourceTree = "<group>"; };
		F9A4E94D1B81DA30009E1633 /* Base */ = {isa = PBXFileReference; lastKnownFileType = file.xib; name = Base; path = Base.lproj/LaunchScreen.xib; sourceTree = "<group>"; };
		F9A4E9531B81DA31009E1633 /* GridCollectionViewTests.xctest */ = {isa = PBXFileReference; explicitFileType = wrapper.cfbundle; includeInIndex = 0; path = GridCollectionViewTests.xctest; sourceTree = BUILT_PRODUCTS_DIR; };
		F9A4E9581B81DA31009E1633 /* Info.plist */ = {isa = PBXFileReference; lastKnownFileType = text.plist.xml; path = Info.plist; sourceTree = "<group>"; };
		F9A4E9591B81DA31009E1633 /* GridCollectionViewTests.m */ = {isa = PBXFileReference; lastKnownFileType = sourcecode.c.objc; path = GridCollectionViewTests.m; sourceTree = "<group>"; };
/* End PBXFileReference section */

/* Begin PBXFrameworksBuildPhase section */
		F9A4E9341B81DA30009E1633 /* Frameworks */ = {
			isa = PBXFrameworksBuildPhase;
			buildActionMask = 2147483647;
			files = (
			);
			runOnlyForDeploymentPostprocessing = 0;
		};
		F9A4E9501B81DA31009E1633 /* Frameworks */ = {
			isa = PBXFrameworksBuildPhase;
			buildActionMask = 2147483647;
			files = (
			);
			runOnlyForDeploymentPostprocessing = 0;
		};
/* End PBXFrameworksBuildPhase section */

/* Begin PBXGroup section */
		F9A4E92E1B81DA30009E1633 = {
			isa = PBXGroup;
			children = (
				F9A4E9391B81DA30009E1633 /* GridCollectionView */,
				F9A4E9561B81DA31009E1633 /* GridCollectionViewTests */,
				F9A4E9381B81DA30009E1633 /* Products */,
			);
			sourceTree = "<group>";
		};
		F9A4E9381B81DA30009E1633 /* Products */ = {
			isa = PBXGroup;
			children = (
				F9A4E9371B81DA30009E1633 /* GridCollectionView.app */,
				F9A4E9531B81DA31009E1633 /* GridCollectionViewTests.xctest */,
			);
			name = Products;
			sourceTree = "<group>";
		};
		F9A4E9391B81DA30009E1633 /* GridCollectionView */ = {
			isa = PBXGroup;
			children = (
				F9A4E93E1B81DA30009E1633 /* AppDelegate.h */,
				F9A4E93F1B81DA30009E1633 /* AppDelegate.m */,
				F9A4E9441B81DA30009E1633 /* ViewController.h */,
				F9A4E9451B81DA30009E1633 /* ViewController.m */,
				F9A4E9471B81DA30009E1633 /* Main.storyboard */,
				F9A4E94A1B81DA30009E1633 /* Images.xcassets */,
				F9A4E94C1B81DA30009E1633 /* LaunchScreen.xib */,
				F9A4E9411B81DA30009E1633 /* GridCollectionView.xcdatamodeld */,
				F9A4E93A1B81DA30009E1633 /* Supporting Files */,
			);
			path = GridCollectionView;
			sourceTree = "<group>";
		};
		F9A4E93A1B81DA30009E1633 /* Supporting Files */ = {
			isa = PBXGroup;
			children = (
				F9A4E93B1B81DA30009E1633 /* Info.plist */,
				F9A4E93C1B81DA30009E1633 /* main.m */,
			);
			name = "Supporting Files";
			sourceTree = "<group>";
		};
		F9A4E9561B81DA31009E1633 /* GridCollectionViewTests */ = {
			isa = PBXGroup;
			children = (
				F9A4E9591B81DA31009E1633 /* GridCollectionViewTests.m */,
				F9A4E9571B81DA31009E1633 /* Supporting Files */,
			);
			path = GridCollectionViewTests;
			sourceTree = "<group>";
		};
		F9A4E9571B81DA31009E1633 /* Supporting Files */ = {
			isa = PBXGroup;
			children = (
				F9A4E9581B81DA31009E1633 /* Info.plist */,
			);
			name = "Supporting Files";
			sourceTree = "<group>";
		};
/* End PBXGroup section */

/* Begin PBXNativeTarget section */
		F9A4E9361B81DA30009E1633 /* GridCollectionView */ = {
			isa = PBXNativeTarget;
			buildConfigurationList = F9A4E95D1B81DA31009E1633 /* Build configuration list for PBXNativeTarget "GridCollectionView" */;
			buildPhases = (
				F9A4E9331B81DA30009E1633 /* Sources */,
				F9A4E9341B81DA30009E1633 /* Frameworks */,
				F9A4E9351B81DA30009E1633 /* Resources */,
			);
			buildRules = (
			);
			dependencies = (
			);
			name = GridCollectionView;
			productName = GridCollectionView;
			productReference = F9A4E9371B81DA30009E1633 /* GridCollectionView.app */;
			productType = "com.apple.product-type.application";
		};
		F9A4E9521B81DA31009E1633 /* GridCollectionViewTests */ = {
			isa = PBXNativeTarget;
			buildConfigurationList = F9A4E9601B81DA31009E1633 /* Build configuration list for PBXNativeTarget "GridCollectionViewTests" */;
			buildPhases = (
				F9A4E94F1B81DA31009E1633 /* Sources */,
				F9A4E9501B81DA31009E1633 /* Frameworks */,
				F9A4E9511B81DA31009E1633 /* Resources */,
			);
			buildRules = (
			);
			dependencies = (
				F9A4E9551B81DA31009E1633 /* PBXTargetDependency */,
			);
			name = GridCollectionViewTests;
			productName = GridCollectionViewTests;
			productReference = F9A4E9531B81DA31009E1633 /* GridCollectionViewTests.xctest */;
			productType = "com.apple.product-type.bundle.unit-test";
		};
/* End PBXNativeTarget section */

/* Begin PBXProject section */
		F9A4E92F1B81DA30009E1633 /* Project object */ = {
			isa = PBXProject;
			attributes = {
				LastUpgradeCheck = 0640;
				ORGANIZATIONNAME = Tringapps;
				TargetAttributes = {
					F9A4E9361B81DA30009E1633 = {
						CreatedOnToolsVersion = 6.4;
					};
					F9A4E9521B81DA31009E1633 = {
						CreatedOnToolsVersion = 6.4;
						TestTargetID = F9A4E9361B81DA30009E1633;
					};
				};
			};
			buildConfigurationList = F9A4E9321B81DA30009E1633 /* Build configuration list for PBXProject "GridCollectionView" */;
			compatibilityVersion = "Xcode 3.2";
			developmentRegion = English;
			hasScannedForEncodings = 0;
			knownRegions = (
				en,
				Base,
			);
			mainGroup = F9A4E92E1B81DA30009E1633;
			productRefGroup = F9A4E9381B81DA30009E1633 /* Products */;
			projectDirPath = "";
			projectRoot = "";
			targets = (
				F9A4E9361B81DA30009E1633 /* GridCollectionView */,
				F9A4E9521B81DA31009E1633 /* GridCollectionViewTests */,
			);
		};
/* End PBXProject section */

/* Begin PBXResourcesBuildPhase section */
		F9A4E9351B81DA30009E1633 /* Resources */ = {
			isa = PBXResourcesBuildPhase;
			buildActionMask = 2147483647;
			files = (
				F9A4E9491B81DA30009E1633 /* Main.storyboard in Resources */,
				F9A4E94E1B81DA30009E1633 /* LaunchScreen.xib in Resources */,
				F9A4E94B1B81DA30009E1633 /* Images.xcassets in Resources */,
			);
			runOnlyForDeploymentPostprocessing = 0;
		};
		F9A4E9511B81DA31009E1633 /* Resources */ = {
			isa = PBXResourcesBuildPhase;
			buildActionMask = 2147483647;
			files = (
			);
			runOnlyForDeploymentPostprocessing = 0;
		};
/* End PBXResourcesBuildPhase section */

/* Begin PBXSourcesBuildPhase section */
		F9A4E9331B81DA30009E1633 /* Sources */ = {
			isa = PBXSourcesBuildPhase;
			buildActionMask = 2147483647;
			files = (
				F9A4E9431B81DA30009E1633 /* GridCollectionView.xcdatamodeld in Sources */,
				F9A4E9401B81DA30009E1633 /* AppDelegate.m in Sources */,
				F9A4E9461B81DA30009E1633 /* ViewController.m in Sources */,
				F9A4E93D1B81DA30009E1633 /* main.m in Sources */,
			);
			runOnlyForDeploymentPostprocessing = 0;
		};
		F9A4E94F1B81DA31009E1633 /* Sources */ = {
			isa = PBXSourcesBuildPhase;
			buildActionMask = 2147483647;
			files = (
				F9A4E95A1B81DA31009E1633 /* GridCollectionViewTests.m in Sources */,
			);
			runOnlyForDeploymentPostprocessing = 0;
		};
/* End PBXSourcesBuildPhase section */

/* Begin PBXTargetDependency section */
		F9A4E9551B81DA31009E1633 /* PBXTargetDependency */ = {
			isa = PBXTargetDependency;
			target = F9A4E9361B81DA30009E1633 /* GridCollectionView */;
			targetProxy = F9A4E9541B81DA31009E1633 /* PBXContainerItemProxy */;
		};
/* End PBXTargetDependency section */

/* Begin PBXVariantGroup section */
		F9A4E9471B81DA30009E1633 /* Main.storyboard */ = {
			isa = PBXVariantGroup;
			children = (
				F9A4E9481B81DA30009E1633 /* Base */,
			);
			name = Main.storyboard;
			sourceTree = "<group>";
		};
		F9A4E94C1B81DA30009E1633 /* LaunchScreen.xib */ = {
			isa = PBXVariantGroup;
			children = (
				F9A4E94D1B81DA30009E1633 /* Base */,
			);
			name = LaunchScreen.xib;
			sourceTree = "<group>";
		};
/* End PBXVariantGroup section */

/* Begin XCBuildConfiguration section */
		F9A4E95B1B81DA31009E1633 /* Debug */ = {
			isa = XCBuildConfiguration;
			buildSettings = {
				ALWAYS_SEARCH_USER_PATHS = NO;
				CLANG_CXX_LANGUAGE_STANDARD = "gnu++0x";
				CLANG_CXX_LIBRARY = "libc++";
				CLANG_ENABLE_MODULES = YES;
				CLANG_ENABLE_OBJC_ARC = YES;
				CLANG_WARN_BOOL_CONVERSION = YES;
				CLANG_WARN_CONSTANT_CONVERSION = YES;
				CLANG_WARN_DIRECT_OBJC_ISA_USAGE = YES_ERROR;
				CLANG_WARN_EMPTY_BODY = YES;
				CLANG_WARN_ENUM_CONVERSION = YES;
				CLANG_WARN_INT_CONVERSION = YES;
				CLANG_WARN_OBJC_ROOT_CLASS = YES_ERROR;
				CLANG_WARN_UNREACHABLE_CODE = YES;
				CLANG_WARN__DUPLICATE_METHOD_MATCH = YES;
				"CODE_SIGN_IDENTITY[sdk=iphoneos*]" = "iPhone Developer";
				COPY_PHASE_STRIP = NO;
				DEBUG_INFORMATION_FORMAT = "dwarf-with-dsym";
				ENABLE_STRICT_OBJC_MSGSEND = YES;
				GCC_C_LANGUAGE_STANDARD = gnu99;
				GCC_DYNAMIC_NO_PIC = NO;
				GCC_NO_COMMON_BLOCKS = YES;
				GCC_OPTIMIZATION_LEVEL = 0;
				GCC_PREPROCESSOR_DEFINITIONS = (
					"DEBUG=1",
					"$(inherited)",
				);
				GCC_SYMBOLS_PRIVATE_EXTERN = NO;
				GCC_WARN_64_TO_32_BIT_CONVERSION = YES;
				GCC_WARN_ABOUT_RETURN_TYPE = YES_ERROR;
				GCC_WARN_UNDECLARED_SELECTOR = YES;
				GCC_WARN_UNINITIALIZED_AUTOS = YES_AGGRESSIVE;
				GCC_WARN_UNUSED_FUNCTION = YES;
				GCC_WARN_UNUSED_VARIABLE = YES;
				IPHONEOS_DEPLOYMENT_TARGET = 8.4;
				MTL_ENABLE_DEBUG_INFO = YES;
				ONLY_ACTIVE_ARCH = YES;
				SDKROOT = iphoneos;
				TARGETED_DEVICE_FAMILY = "1,2";
			};
			name = Debug;
		};
		F9A4E95C1B81DA31009E1633 /* Release */ = {
			isa = XCBuildConfiguration;
			buildSettings = {
				ALWAYS_SEARCH_USER_PATHS = NO;
				CLANG_CXX_LANGUAGE_STANDARD = "gnu++0x";
				CLANG_CXX_LIBRARY = "libc++";
				CLANG_ENABLE_MODULES = YES;
				CLANG_ENABLE_OBJC_ARC = YES;
				CLANG_WARN_BOOL_CONVERSION = YES;
				CLANG_WARN_CONSTANT_CONVERSION = YES;
				CLANG_WARN_DIRECT_OBJC_ISA_USAGE = YES_ERROR;
				CLANG_WARN_EMPTY_BODY = YES;
				CLANG_WARN_ENUM_CONVERSION = YES;
				CLANG_WARN_INT_CONVERSION = YES;
				CLANG_WARN_OBJC_ROOT_CLASS = YES_ERROR;
				CLANG_WARN_UNREACHABLE_CODE = YES;
				CLANG_WARN__DUPLICATE_METHOD_MATCH = YES;
				"CODE_SIGN_IDENTITY[sdk=iphoneos*]" = "iPhone Developer";
				COPY_PHASE_STRIP = NO;
				DEBUG_INFORMATION_FORMAT = "dwarf-with-dsym";
				ENABLE_NS_ASSERTIONS = NO;
				ENABLE_STRICT_OBJC_MSGSEND = YES;
				GCC_C_LANGUAGE_STANDARD = gnu99;
				GCC_NO_COMMON_BLOCKS = YES;
				GCC_WARN_64_TO_32_BIT_CONVERSION = YES;
				GCC_WARN_ABOUT_RETURN_TYPE = YES_ERROR;
				GCC_WARN_UNDECLARED_SELECTOR = YES;
				GCC_WARN_UNINITIALIZED_AUTOS = YES_AGGRESSIVE;
				GCC_WARN_UNUSED_FUNCTION = YES;
				GCC_WARN_UNUSED_VARIABLE = YES;
				IPHONEOS_DEPLOYMENT_TARGET = 8.4;
				MTL_ENABLE_DEBUG_INFO = NO;
				SDKROOT = iphoneos;
				TARGETED_DEVICE_FAMILY = "1,2";
				VALIDATE_PRODUCT = YES;
			};
			name = Release;
		};
		F9A4E95E1B81DA31009E1633 /* Debug */ = {
			isa = XCBuildConfiguration;
			buildSettings = {
				ASSETCATALOG_COMPILER_APPICON_NAME = AppIcon;
				INFOPLIST_FILE = GridCollectionView/Info.plist;
				LD_RUNPATH_SEARCH_PATHS = "$(inherited) @executable_path/Frameworks";
				PRODUCT_NAME = "$(TARGET_NAME)";
			};
			name = Debug;
		};
		F9A4E95F1B81DA31009E1633 /* Release */ = {
			isa = XCBuildConfiguration;
			buildSettings = {
				ASSETCATALOG_COMPILER_APPICON_NAME = AppIcon;
				INFOPLIST_FILE = GridCollectionView/Info.plist;
				LD_RUNPATH_SEARCH_PATHS = "$(inherited) @executable_path/Frameworks";
				PRODUCT_NAME = "$(TARGET_NAME)";
			};
			name = Release;
		};
		F9A4E9611B81DA31009E1633 /* Debug */ = {
			isa = XCBuildConfiguration;
			buildSettings = {
				BUNDLE_LOADER = "$(TEST_HOST)";
				FRAMEWORK_SEARCH_PATHS = (
					"$(SDKROOT)/Developer/Library/Frameworks",
					"$(inherited)",
				);
				GCC_PREPROCESSOR_DEFINITIONS = (
					"DEBUG=1",
					"$(inherited)",
				);
				INFOPLIST_FILE = GridCollectionViewTests/Info.plist;
				LD_RUNPATH_SEARCH_PATHS = "$(inherited) @executable_path/Frameworks @loader_path/Frameworks";
				PRODUCT_NAME = "$(TARGET_NAME)";
				TEST_HOST = "$(BUILT_PRODUCTS_DIR)/GridCollectionView.app/GridCollectionView";
			};
			name = Debug;
		};
		F9A4E9621B81DA31009E1633 /* Release */ = {
			isa = XCBuildConfiguration;
			buildSettings = {
				BUNDLE_LOADER = "$(TEST_HOST)";
				FRAMEWORK_SEARCH_PATHS = (
					"$(SDKROOT)/Developer/Library/Frameworks",
					"$(inherited)",
				);
				INFOPLIST_FILE = GridCollectionViewTests/Info.plist;
				LD_RUNPATH_SEARCH_PATHS = "$(inherited) @executable_path/Frameworks @loader_path/Frameworks";
				PRODUCT_NAME = "$(TARGET_NAME)";
				TEST_HOST = "$(BUILT_PRODUCTS_DIR)/GridCollectionView.app/GridCollectionView";
			};
			name = Release;
		};
/* End XCBuildConfiguration section */

/* Begin XCConfigurationList section */
		F9A4E9321B81DA30009E1633 /* Build configuration list for PBXProject "GridCollectionView" */ = {
			isa = XCConfigurationList;
			buildConfigurations = (
				F9A4E95B1B81DA31009E1633 /* Debug */,
				F9A4E95C1B81DA31009E1633 /* Release */,
			);
			defaultConfigurationIsVisible = 0;
			defaultConfigurationName = Release;
		};
		F9A4E95D1B81DA31009E1633 /* Build configuration list for PBXNativeTarget "GridCollectionView" */ = {
			isa = XCConfigurationList;
			buildConfigurations = (
				F9A4E95E1B81DA31009E1633 /* Debug */,
				F9A4E95F1B81DA31009E1633 /* Release */,
			);
			defaultConfigurationIsVisible = 0;
		};
		F9A4E9601B81DA31009E1633 /* Build configuration list for PBXNativeTarget "GridCollectionViewTests" */ = {
			isa = XCConfigurationList;
			buildConfigurations = (
				F9A4E9611B81DA31009E1633 /* Debug */,
				F9A4E9621B81DA31009E1633 /* Release */,
			);
			defaultConfigurationIsVisible = 0;
		};
/* End XCConfigurationList section */

/* Begin XCVersionGroup section */
		F9A4E9411B81DA30009E1633 /* GridCollectionView.xcdatamodeld */ = {
			isa = XCVersionGroup;
			children = (
				F9A4E9421B81DA30009E1633 /* GridCollectionView.xcdatamodel */,
			);
			currentVersion = F9A4E9421B81DA30009E1633 /* GridCollectionView.xcdatamodel */;
			path = GridCollectionView.xcdatamodeld;
			sourceTree = "<group>";
			versionGroupType = wrapper.xcdatamodel;
		};
/* End XCVersionGroup section */
	};
	rootObject = F9A4E92F1B81DA30009E1633 /* Project object */;
}
